// !$*UTF8*$!
{
	archiveVersion = 1;
	classes = {
	};
	objectVersion = 46;
	objects = {

/* Begin PBXBuildFile section */
		FAD8F8E61AEF63890095205B /* main.m in Sources */ = {isa = PBXBuildFile; fileRef = FAD8F8E51AEF63890095205B /* main.m */; };
		FAD8F8E91AEF63890095205B /* AppDelegate.m in Sources */ = {isa = PBXBuildFile; fileRef = FAD8F8E81AEF63890095205B /* AppDelegate.m */; };
		FAD8F8EC1AEF63890095205B /* ViewController.m in Sources */ = {isa = PBXBuildFile; fileRef = FAD8F8EB1AEF63890095205B /* ViewController.m */; };
		FAD8F8EF1AEF63890095205B /* Main.storyboard in Resources */ = {isa = PBXBuildFile; fileRef = FAD8F8ED1AEF63890095205B /* Main.storyboard */; };
		FAD8F8F11AEF63890095205B /* Images.xcassets in Resources */ = {isa = PBXBuildFile; fileRef = FAD8F8F01AEF63890095205B /* Images.xcassets */; };
		FAD8F8F41AEF63890095205B /* LaunchScreen.xib in Resources */ = {isa = PBXBuildFile; fileRef = FAD8F8F21AEF63890095205B /* LaunchScreen.xib */; };
		FAD8F9001AEF63890095205B /* TollyPhotoLibTests.m in Sources */ = {isa = PBXBuildFile; fileRef = FAD8F8FF1AEF63890095205B /* TollyPhotoLibTests.m */; };
		FAD8FBFC1AEF79750095205B /* TollyCamera.m in Sources */ = {isa = PBXBuildFile; fileRef = FAD8FBA91AEF79750095205B /* TollyCamera.m */; };
		FAD8FBFD1AEF79750095205B /* TollyBrowserPhoto.m in Sources */ = {isa = PBXBuildFile; fileRef = FAD8FBAD1AEF79750095205B /* TollyBrowserPhoto.m */; };
		FAD8FBFE1AEF79750095205B /* TollyPhotoPickerBrowserViewController.m in Sources */ = {isa = PBXBuildFile; fileRef = FAD8FBB01AEF79750095205B /* TollyPhotoPickerBrowserViewController.m */; };
		FAD8FBFF1AEF79750095205B /* TollyPhotoPickerCustomToolBarView.m in Sources */ = {isa = PBXBuildFile; fileRef = FAD8FBB31AEF79750095205B /* TollyPhotoPickerCustomToolBarView.m */; };
		FAD8FC001AEF79750095205B /* TollyPhotoAssets.m in Sources */ = {isa = PBXBuildFile; fileRef = FAD8FBB81AEF79750095205B /* TollyPhotoAssets.m */; };
		FAD8FC011AEF79750095205B /* UIView+Extension.m in Sources */ = {isa = PBXBuildFile; fileRef = FAD8FBBE1AEF79750095205B /* UIView+Extension.m */; };
		FAD8FC021AEF79750095205B /* DACircularProgressView.m in Sources */ = {isa = PBXBuildFile; fileRef = FAD8FBC11AEF79750095205B /* DACircularProgressView.m */; };
		FAD8FC031AEF79750095205B /* MKAnnotationView+WebCache.m in Sources */ = {isa = PBXBuildFile; fileRef = FAD8FBC41AEF79750095205B /* MKAnnotationView+WebCache.m */; };
		FAD8FC041AEF79750095205B /* NSData+ImageContentType.m in Sources */ = {isa = PBXBuildFile; fileRef = FAD8FBC61AEF79750095205B /* NSData+ImageContentType.m */; };
		FAD8FC051AEF79750095205B /* SDImageCache.m in Sources */ = {isa = PBXBuildFile; fileRef = FAD8FBC81AEF79750095205B /* SDImageCache.m */; };
		FAD8FC061AEF79750095205B /* SDWebImageCompat.m in Sources */ = {isa = PBXBuildFile; fileRef = FAD8FBCA1AEF79750095205B /* SDWebImageCompat.m */; };
		FAD8FC071AEF79750095205B /* SDWebImageDecoder.m in Sources */ = {isa = PBXBuildFile; fileRef = FAD8FBCC1AEF79750095205B /* SDWebImageDecoder.m */; };
		FAD8FC081AEF79750095205B /* SDWebImageDownloader.m in Sources */ = {isa = PBXBuildFile; fileRef = FAD8FBCE1AEF79750095205B /* SDWebImageDownloader.m */; };
		FAD8FC091AEF79750095205B /* SDWebImageDownloaderOperation.m in Sources */ = {isa = PBXBuildFile; fileRef = FAD8FBD01AEF79750095205B /* SDWebImageDownloaderOperation.m */; };
		FAD8FC0A1AEF79750095205B /* SDWebImageManager.m in Sources */ = {isa = PBXBuildFile; fileRef = FAD8FBD21AEF79750095205B /* SDWebImageManager.m */; };
		FAD8FC0B1AEF79750095205B /* SDWebImagePrefetcher.m in Sources */ = {isa = PBXBuildFile; fileRef = FAD8FBD51AEF79750095205B /* SDWebImagePrefetcher.m */; };
		FAD8FC0C1AEF79750095205B /* UIButton+WebCache.m in Sources */ = {isa = PBXBuildFile; fileRef = FAD8FBD71AEF79750095205B /* UIButton+WebCache.m */; };
		FAD8FC0D1AEF79750095205B /* UIImage+GIF.m in Sources */ = {isa = PBXBuildFile; fileRef = FAD8FBD91AEF79750095205B /* UIImage+GIF.m */; };
		FAD8FC0E1AEF79750095205B /* UIImage+MultiFormat.m in Sources */ = {isa = PBXBuildFile; fileRef = FAD8FBDB1AEF79750095205B /* UIImage+MultiFormat.m */; };
		FAD8FC0F1AEF79750095205B /* UIImage+WebP.m in Sources */ = {isa = PBXBuildFile; fileRef = FAD8FBDD1AEF79750095205B /* UIImage+WebP.m */; };
		FAD8FC101AEF79750095205B /* UIImageView+HighlightedWebCache.m in Sources */ = {isa = PBXBuildFile; fileRef = FAD8FBDF1AEF79750095205B /* UIImageView+HighlightedWebCache.m */; };
		FAD8FC111AEF79750095205B /* UIImageView+WebCache.m in Sources */ = {isa = PBXBuildFile; fileRef = FAD8FBE11AEF79750095205B /* UIImageView+WebCache.m */; };
		FAD8FC121AEF79750095205B /* UIView+WebCacheOperation.m in Sources */ = {isa = PBXBuildFile; fileRef = FAD8FBE31AEF79750095205B /* UIView+WebCacheOperation.m */; };
		FAD8FC131AEF79750095205B /* AssetsPickerChecked.png in Resources */ = {isa = PBXBuildFile; fileRef = FAD8FBE61AEF79750095205B /* AssetsPickerChecked.png */; };
		FAD8FC141AEF79750095205B /* AssetsPickerChecked@2x.png in Resources */ = {isa = PBXBuildFile; fileRef = FAD8FBE71AEF79750095205B /* AssetsPickerChecked@2x.png */; };
		FAD8FC151AEF79750095205B /* AssetsPickerChecked@3x.png in Resources */ = {isa = PBXBuildFile; fileRef = FAD8FBE81AEF79750095205B /* AssetsPickerChecked@3x.png */; };
		FAD8FC161AEF79750095205B /* paizhao.png in Resources */ = {isa = PBXBuildFile; fileRef = FAD8FBEA1AEF79750095205B /* paizhao.png */; };
		FAD8FC171AEF79750095205B /* paizhao@2x.png in Resources */ = {isa = PBXBuildFile; fileRef = FAD8FBEB1AEF79750095205B /* paizhao@2x.png */; };
		FAD8FC181AEF79750095205B /* shanguangdeng.png in Resources */ = {isa = PBXBuildFile; fileRef = FAD8FBED1AEF79750095205B /* shanguangdeng.png */; };
		FAD8FC191AEF79750095205B /* shanguangdeng@2x.png in Resources */ = {isa = PBXBuildFile; fileRef = FAD8FBEE1AEF79750095205B /* shanguangdeng@2x.png */; };
		FAD8FC1A1AEF79750095205B /* shanguangdeng2.png in Resources */ = {isa = PBXBuildFile; fileRef = FAD8FBF01AEF79750095205B /* shanguangdeng2.png */; };
		FAD8FC1B1AEF79750095205B /* shanguangdeng2@2x.png in Resources */ = {isa = PBXBuildFile; fileRef = FAD8FBF11AEF79750095205B /* shanguangdeng2@2x.png */; };
		FAD8FC1C1AEF79750095205B /* xiang.png in Resources */ = {isa = PBXBuildFile; fileRef = FAD8FBF31AEF79750095205B /* xiang.png */; };
		FAD8FC1D1AEF79750095205B /* xiang@2x.png in Resources */ = {isa = PBXBuildFile; fileRef = FAD8FBF41AEF79750095205B /* xiang@2x.png */; };
		FAD8FC1E1AEF79750095205B /* ZLAnimationBaseView.m in Sources */ = {isa = PBXBuildFile; fileRef = FAD8FBF71AEF79750095205B /* ZLAnimationBaseView.m */; };
		FAD8FC1F1AEF79750095205B /* ZLAnimationImageView.m in Sources */ = {isa = PBXBuildFile; fileRef = FAD8FBF91AEF79750095205B /* ZLAnimationImageView.m */; };
		FAD8FC201AEF79750095205B /* ZLAnimationScrollView.m in Sources */ = {isa = PBXBuildFile; fileRef = FAD8FBFB1AEF79750095205B /* ZLAnimationScrollView.m */; };
		FAD8FC231AEF79C80095205B /* TollyPhotoPickerDatas.m in Sources */ = {isa = PBXBuildFile; fileRef = FAD8FC221AEF79C80095205B /* TollyPhotoPickerDatas.m */; };
		FAD8FC261AEF79E30095205B /* TollyPhotoPickerGroup.m in Sources */ = {isa = PBXBuildFile; fileRef = FAD8FC251AEF79E30095205B /* TollyPhotoPickerGroup.m */; };
		FAD8FC291AEF7B240095205B /* TollyPhotoPickerAssetsViewController.m in Sources */ = {isa = PBXBuildFile; fileRef = FAD8FC281AEF7B240095205B /* TollyPhotoPickerAssetsViewController.m */; };
		FAD8FC2C1AEF7B4F0095205B /* TollyPhotoPickerGroupViewController.m in Sources */ = {isa = PBXBuildFile; fileRef = FAD8FC2B1AEF7B4F0095205B /* TollyPhotoPickerGroupViewController.m */; };
		FAD8FC2F1AEF7B840095205B /* TollyPhotoPickerViewController.m in Sources */ = {isa = PBXBuildFile; fileRef = FAD8FC2E1AEF7B840095205B /* TollyPhotoPickerViewController.m */; };
		FAD8FC331AEF7E830095205B /* TollyPhotoPickerCollectionView.m in Sources */ = {isa = PBXBuildFile; fileRef = FAD8FC321AEF7E830095205B /* TollyPhotoPickerCollectionView.m */; };
		FAD8FC361AEF80210095205B /* TollyPhotoPickerCollectionViewCell.m in Sources */ = {isa = PBXBuildFile; fileRef = FAD8FC351AEF80210095205B /* TollyPhotoPickerCollectionViewCell.m */; };
		FAD8FC391AEF80520095205B /* TollyPhotoPickerFooterCollectionReusableView.m in Sources */ = {isa = PBXBuildFile; fileRef = FAD8FC381AEF80520095205B /* TollyPhotoPickerFooterCollectionReusableView.m */; };
		FAD8FC3C1AEF80F50095205B /* TollyPhotoPickerImageView.m in Sources */ = {isa = PBXBuildFile; fileRef = FAD8FC3B1AEF80F50095205B /* TollyPhotoPickerImageView.m */; };
		FAD8FC401AEF815D0095205B /* TollyPhotoPickerGroupTableViewCell.m in Sources */ = {isa = PBXBuildFile; fileRef = FAD8FC3E1AEF815D0095205B /* TollyPhotoPickerGroupTableViewCell.m */; };
		FAD8FC411AEF815D0095205B /* TollyPhotoPickerGroupTableViewCell.xib in Resources */ = {isa = PBXBuildFile; fileRef = FAD8FC3F1AEF815D0095205B /* TollyPhotoPickerGroupTableViewCell.xib */; };
		FAD8FC441AEF8A4F0095205B /* TollyPhotoPickerBrowserPhotoImageView.m in Sources */ = {isa = PBXBuildFile; fileRef = FAD8FC431AEF8A4F0095205B /* TollyPhotoPickerBrowserPhotoImageView.m */; };
		FAD8FC471AEF8A8A0095205B /* TollyPhotoPickerBrowserPhotoScrollView.m in Sources */ = {isa = PBXBuildFile; fileRef = FAD8FC461AEF8A8A0095205B /* TollyPhotoPickerBrowserPhotoScrollView.m */; };
		FAD8FC4A1AEF8AB70095205B /* TollyPhotoPickerBrowserPhotoView.m in Sources */ = {isa = PBXBuildFile; fileRef = FAD8FC491AEF8AB70095205B /* TollyPhotoPickerBrowserPhotoView.m */; };
		FAD8FC4D1AEF91C90095205B /* TollyCameraImageView.m in Sources */ = {isa = PBXBuildFile; fileRef = FAD8FC4C1AEF91C90095205B /* TollyCameraImageView.m */; };
		FAD8FC501AEF91EF0095205B /* TollyCameraView.m in Sources */ = {isa = PBXBuildFile; fileRef = FAD8FC4F1AEF91EF0095205B /* TollyCameraView.m */; };
		FAD8FC531AEF920B0095205B /* TollyCameraViewController.m in Sources */ = {isa = PBXBuildFile; fileRef = FAD8FC521AEF920B0095205B /* TollyCameraViewController.m */; };
/* End PBXBuildFile section */

/* Begin PBXContainerItemProxy section */
		FAD8F8FA1AEF63890095205B /* PBXContainerItemProxy */ = {
			isa = PBXContainerItemProxy;
			containerPortal = FAD8F8D81AEF63890095205B /* Project object */;
			proxyType = 1;
			remoteGlobalIDString = FAD8F8DF1AEF63890095205B;
			remoteInfo = TollyPhotoLib;
		};
/* End PBXContainerItemProxy section */

/* Begin PBXFileReference section */
		FAD8F8E01AEF63890095205B /* TollyPhotoLib.app */ = {isa = PBXFileReference; explicitFileType = wrapper.application; includeInIndex = 0; path = TollyPhotoLib.app; sourceTree = BUILT_PRODUCTS_DIR; };
		FAD8F8E41AEF63890095205B /* Info.plist */ = {isa = PBXFileReference; lastKnownFileType = text.plist.xml; path = Info.plist; sourceTree = "<group>"; };
		FAD8F8E51AEF63890095205B /* main.m */ = {isa = PBXFileReference; lastKnownFileType = sourcecode.c.objc; path = main.m; sourceTree = "<group>"; };
		FAD8F8E71AEF63890095205B /* AppDelegate.h */ = {isa = PBXFileReference; lastKnownFileType = sourcecode.c.h; path = AppDelegate.h; sourceTree = "<group>"; };
		FAD8F8E81AEF63890095205B /* AppDelegate.m */ = {isa = PBXFileReference; lastKnownFileType = sourcecode.c.objc; path = AppDelegate.m; sourceTree = "<group>"; };
		FAD8F8EA1AEF63890095205B /* ViewController.h */ = {isa = PBXFileReference; lastKnownFileType = sourcecode.c.h; path = ViewController.h; sourceTree = "<group>"; };
		FAD8F8EB1AEF63890095205B /* ViewController.m */ = {isa = PBXFileReference; lastKnownFileType = sourcecode.c.objc; path = ViewController.m; sourceTree = "<group>"; };
		FAD8F8EE1AEF63890095205B /* Base */ = {isa = PBXFileReference; lastKnownFileType = file.storyboard; name = Base; path = Base.lproj/Main.storyboard; sourceTree = "<group>"; };
		FAD8F8F01AEF63890095205B /* Images.xcassets */ = {isa = PBXFileReference; lastKnownFileType = folder.assetcatalog; path = Images.xcassets; sourceTree = "<group>"; };
		FAD8F8F31AEF63890095205B /* Base */ = {isa = PBXFileReference; lastKnownFileType = file.xib; name = Base; path = Base.lproj/LaunchScreen.xib; sourceTree = "<group>"; };
		FAD8F8F91AEF63890095205B /* TollyPhotoLibTests.xctest */ = {isa = PBXFileReference; explicitFileType = wrapper.cfbundle; includeInIndex = 0; path = TollyPhotoLibTests.xctest; sourceTree = BUILT_PRODUCTS_DIR; };
		FAD8F8FE1AEF63890095205B /* Info.plist */ = {isa = PBXFileReference; lastKnownFileType = text.plist.xml; path = Info.plist; sourceTree = "<group>"; };
		FAD8F8FF1AEF63890095205B /* TollyPhotoLibTests.m */ = {isa = PBXFileReference; lastKnownFileType = sourcecode.c.objc; path = TollyPhotoLibTests.m; sourceTree = "<group>"; };
		FAD8FBA81AEF79750095205B /* TollyCamera.h */ = {isa = PBXFileReference; fileEncoding = 4; lastKnownFileType = sourcecode.c.h; path = TollyCamera.h; sourceTree = "<group>"; };
		FAD8FBA91AEF79750095205B /* TollyCamera.m */ = {isa = PBXFileReference; fileEncoding = 4; lastKnownFileType = sourcecode.c.objc; path = TollyCamera.m; sourceTree = "<group>"; };
		FAD8FBAC1AEF79750095205B /* TollyBrowserPhoto.h */ = {isa = PBXFileReference; fileEncoding = 4; lastKnownFileType = sourcecode.c.h; path = TollyBrowserPhoto.h; sourceTree = "<group>"; };
		FAD8FBAD1AEF79750095205B /* TollyBrowserPhoto.m */ = {isa = PBXFileReference; fileEncoding = 4; lastKnownFileType = sourcecode.c.objc; path = TollyBrowserPhoto.m; sourceTree = "<group>"; };
		FAD8FBAF1AEF79750095205B /* TollyPhotoPickerBrowserViewController.h */ = {isa = PBXFileReference; fileEncoding = 4; lastKnownFileType = sourcecode.c.h; path = TollyPhotoPickerBrowserViewController.h; sourceTree = "<group>"; };
		FAD8FBB01AEF79750095205B /* TollyPhotoPickerBrowserViewController.m */ = {isa = PBXFileReference; fileEncoding = 4; lastKnownFileType = sourcecode.c.objc; path = TollyPhotoPickerBrowserViewController.m; sourceTree = "<group>"; };
		FAD8FBB21AEF79750095205B /* TollyPhotoPickerCustomToolBarView.h */ = {isa = PBXFileReference; fileEncoding = 4; lastKnownFileType = sourcecode.c.h; path = TollyPhotoPickerCustomToolBarView.h; sourceTree = "<group>"; };
		FAD8FBB31AEF79750095205B /* TollyPhotoPickerCustomToolBarView.m */ = {isa = PBXFileReference; fileEncoding = 4; lastKnownFileType = sourcecode.c.objc; path = TollyPhotoPickerCustomToolBarView.m; sourceTree = "<group>"; };
		FAD8FBB41AEF79750095205B /* TollyPhotoCommon.h */ = {isa = PBXFileReference; fileEncoding = 4; lastKnownFileType = sourcecode.c.h; path = TollyPhotoCommon.h; sourceTree = "<group>"; };
		FAD8FBB71AEF79750095205B /* TollyPhotoAssets.h */ = {isa = PBXFileReference; fileEncoding = 4; lastKnownFileType = sourcecode.c.h; path = TollyPhotoAssets.h; sourceTree = "<group>"; };
		FAD8FBB81AEF79750095205B /* TollyPhotoAssets.m */ = {isa = PBXFileReference; fileEncoding = 4; lastKnownFileType = sourcecode.c.objc; path = TollyPhotoAssets.m; sourceTree = "<group>"; };
		FAD8FBBD1AEF79750095205B /* UIView+Extension.h */ = {isa = PBXFileReference; fileEncoding = 4; lastKnownFileType = sourcecode.c.h; path = "UIView+Extension.h"; sourceTree = "<group>"; };
		FAD8FBBE1AEF79750095205B /* UIView+Extension.m */ = {isa = PBXFileReference; fileEncoding = 4; lastKnownFileType = sourcecode.c.objc; path = "UIView+Extension.m"; sourceTree = "<group>"; };
		FAD8FBC01AEF79750095205B /* DACircularProgressView.h */ = {isa = PBXFileReference; fileEncoding = 4; lastKnownFileType = sourcecode.c.h; path = DACircularProgressView.h; sourceTree = "<group>"; };
		FAD8FBC11AEF79750095205B /* DACircularProgressView.m */ = {isa = PBXFileReference; fileEncoding = 4; lastKnownFileType = sourcecode.c.objc; path = DACircularProgressView.m; sourceTree = "<group>"; };
		FAD8FBC31AEF79750095205B /* MKAnnotationView+WebCache.h */ = {isa = PBXFileReference; fileEncoding = 4; lastKnownFileType = sourcecode.c.h; path = "MKAnnotationView+WebCache.h"; sourceTree = "<group>"; };
		FAD8FBC41AEF79750095205B /* MKAnnotationView+WebCache.m */ = {isa = PBXFileReference; fileEncoding = 4; lastKnownFileType = sourcecode.c.objc; path = "MKAnnotationView+WebCache.m"; sourceTree = "<group>"; };
		FAD8FBC51AEF79750095205B /* NSData+ImageContentType.h */ = {isa = PBXFileReference; fileEncoding = 4; lastKnownFileType = sourcecode.c.h; path = "NSData+ImageContentType.h"; sourceTree = "<group>"; };
		FAD8FBC61AEF79750095205B /* NSData+ImageContentType.m */ = {isa = PBXFileReference; fileEncoding = 4; lastKnownFileType = sourcecode.c.objc; path = "NSData+ImageContentType.m"; sourceTree = "<group>"; };
		FAD8FBC71AEF79750095205B /* SDImageCache.h */ = {isa = PBXFileReference; fileEncoding = 4; lastKnownFileType = sourcecode.c.h; path = SDImageCache.h; sourceTree = "<group>"; };
		FAD8FBC81AEF79750095205B /* SDImageCache.m */ = {isa = PBXFileReference; fileEncoding = 4; lastKnownFileType = sourcecode.c.objc; path = SDImageCache.m; sourceTree = "<group>"; };
		FAD8FBC91AEF79750095205B /* SDWebImageCompat.h */ = {isa = PBXFileReference; fileEncoding = 4; lastKnownFileType = sourcecode.c.h; path = SDWebImageCompat.h; sourceTree = "<group>"; };
		FAD8FBCA1AEF79750095205B /* SDWebImageCompat.m */ = {isa = PBXFileReference; fileEncoding = 4; lastKnownFileType = sourcecode.c.objc; path = SDWebImageCompat.m; sourceTree = "<group>"; };
		FAD8FBCB1AEF79750095205B /* SDWebImageDecoder.h */ = {isa = PBXFileReference; fileEncoding = 4; lastKnownFileType = sourcecode.c.h; path = SDWebImageDecoder.h; sourceTree = "<group>"; };
		FAD8FBCC1AEF79750095205B /* SDWebImageDecoder.m */ = {isa = PBXFileReference; fileEncoding = 4; lastKnownFileType = sourcecode.c.objc; path = SDWebImageDecoder.m; sourceTree = "<group>"; };
		FAD8FBCD1AEF79750095205B /* SDWebImageDownloader.h */ = {isa = PBXFileReference; fileEncoding = 4; lastKnownFileType = sourcecode.c.h; path = SDWebImageDownloader.h; sourceTree = "<group>"; };
		FAD8FBCE1AEF79750095205B /* SDWebImageDownloader.m */ = {isa = PBXFileReference; fileEncoding = 4; lastKnownFileType = sourcecode.c.objc; path = SDWebImageDownloader.m; sourceTree = "<group>"; };
		FAD8FBCF1AEF79750095205B /* SDWebImageDownloaderOperation.h */ = {isa = PBXFileReference; fileEncoding = 4; lastKnownFileType = sourcecode.c.h; path = SDWebImageDownloaderOperation.h; sourceTree = "<group>"; };
		FAD8FBD01AEF79750095205B /* SDWebImageDownloaderOperation.m */ = {isa = PBXFileReference; fileEncoding = 4; lastKnownFileType = sourcecode.c.objc; path = SDWebImageDownloaderOperation.m; sourceTree = "<group>"; };
		FAD8FBD11AEF79750095205B /* SDWebImageManager.h */ = {isa = PBXFileReference; fileEncoding = 4; lastKnownFileType = sourcecode.c.h; path = SDWebImageManager.h; sourceTree = "<group>"; };
		FAD8FBD21AEF79750095205B /* SDWebImageManager.m */ = {isa = PBXFileReference; fileEncoding = 4; lastKnownFileType = sourcecode.c.objc; path = SDWebImageManager.m; sourceTree = "<group>"; };
		FAD8FBD31AEF79750095205B /* SDWebImageOperation.h */ = {isa = PBXFileReference; fileEncoding = 4; lastKnownFileType = sourcecode.c.h; path = SDWebImageOperation.h; sourceTree = "<group>"; };
		FAD8FBD41AEF79750095205B /* SDWebImagePrefetcher.h */ = {isa = PBXFileReference; fileEncoding = 4; lastKnownFileType = sourcecode.c.h; path = SDWebImagePrefetcher.h; sourceTree = "<group>"; };
		FAD8FBD51AEF79750095205B /* SDWebImagePrefetcher.m */ = {isa = PBXFileReference; fileEncoding = 4; lastKnownFileType = sourcecode.c.objc; path = SDWebImagePrefetcher.m; sourceTree = "<group>"; };
		FAD8FBD61AEF79750095205B /* UIButton+WebCache.h */ = {isa = PBXFileReference; fileEncoding = 4; lastKnownFileType = sourcecode.c.h; path = "UIButton+WebCache.h"; sourceTree = "<group>"; };
		FAD8FBD71AEF79750095205B /* UIButton+WebCache.m */ = {isa = PBXFileReference; fileEncoding = 4; lastKnownFileType = sourcecode.c.objc; path = "UIButton+WebCache.m"; sourceTree = "<group>"; };
		FAD8FBD81AEF79750095205B /* UIImage+GIF.h */ = {isa = PBXFileReference; fileEncoding = 4; lastKnownFileType = sourcecode.c.h; path = "UIImage+GIF.h"; sourceTree = "<group>"; };
		FAD8FBD91AEF79750095205B /* UIImage+GIF.m */ = {isa = PBXFileReference; fileEncoding = 4; lastKnownFileType = sourcecode.c.objc; path = "UIImage+GIF.m"; sourceTree = "<group>"; };
		FAD8FBDA1AEF79750095205B /* UIImage+MultiFormat.h */ = {isa = PBXFileReference; fileEncoding = 4; lastKnownFileType = sourcecode.c.h; path = "UIImage+MultiFormat.h"; sourceTree = "<group>"; };
		FAD8FBDB1AEF79750095205B /* UIImage+MultiFormat.m */ = {isa = PBXFileReference; fileEncoding = 4; lastKnownFileType = sourcecode.c.objc; path = "UIImage+MultiFormat.m"; sourceTree = "<group>"; };
		FAD8FBDC1AEF79750095205B /* UIImage+WebP.h */ = {isa = PBXFileReference; fileEncoding = 4; lastKnownFileType = sourcecode.c.h; path = "UIImage+WebP.h"; sourceTree = "<group>"; };
		FAD8FBDD1AEF79750095205B /* UIImage+WebP.m */ = {isa = PBXFileReference; fileEncoding = 4; lastKnownFileType = sourcecode.c.objc; path = "UIImage+WebP.m"; sourceTree = "<group>"; };
		FAD8FBDE1AEF79750095205B /* UIImageView+HighlightedWebCache.h */ = {isa = PBXFileReference; fileEncoding = 4; lastKnownFileType = sourcecode.c.h; path = "UIImageView+HighlightedWebCache.h"; sourceTree = "<group>"; };
		FAD8FBDF1AEF79750095205B /* UIImageView+HighlightedWebCache.m */ = {isa = PBXFileReference; fileEncoding = 4; lastKnownFileType = sourcecode.c.objc; path = "UIImageView+HighlightedWebCache.m"; sourceTree = "<group>"; };
		FAD8FBE01AEF79750095205B /* UIImageView+WebCache.h */ = {isa = PBXFileReference; fileEncoding = 4; lastKnownFileType = sourcecode.c.h; path = "UIImageView+WebCache.h"; sourceTree = "<group>"; };
		FAD8FBE11AEF79750095205B /* UIImageView+WebCache.m */ = {isa = PBXFileReference; fileEncoding = 4; lastKnownFileType = sourcecode.c.objc; path = "UIImageView+WebCache.m"; sourceTree = "<group>"; };
		FAD8FBE21AEF79750095205B /* UIView+WebCacheOperation.h */ = {isa = PBXFileReference; fileEncoding = 4; lastKnownFileType = sourcecode.c.h; path = "UIView+WebCacheOperation.h"; sourceTree = "<group>"; };
		FAD8FBE31AEF79750095205B /* UIView+WebCacheOperation.m */ = {isa = PBXFileReference; fileEncoding = 4; lastKnownFileType = sourcecode.c.objc; path = "UIView+WebCacheOperation.m"; sourceTree = "<group>"; };
		FAD8FBE61AEF79750095205B /* AssetsPickerChecked.png */ = {isa = PBXFileReference; lastKnownFileType = image.png; path = AssetsPickerChecked.png; sourceTree = "<group>"; };
		FAD8FBE71AEF79750095205B /* AssetsPickerChecked@2x.png */ = {isa = PBXFileReference; lastKnownFileType = image.png; path = "AssetsPickerChecked@2x.png"; sourceTree = "<group>"; };
		FAD8FBE81AEF79750095205B /* AssetsPickerChecked@3x.png */ = {isa = PBXFileReference; lastKnownFileType = image.png; path = "AssetsPickerChecked@3x.png"; sourceTree = "<group>"; };
		FAD8FBEA1AEF79750095205B /* paizhao.png */ = {isa = PBXFileReference; lastKnownFileType = image.png; path = paizhao.png; sourceTree = "<group>"; };
		FAD8FBEB1AEF79750095205B /* paizhao@2x.png */ = {isa = PBXFileReference; lastKnownFileType = image.png; path = "paizhao@2x.png"; sourceTree = "<group>"; };
		FAD8FBED1AEF79750095205B /* shanguangdeng.png */ = {isa = PBXFileReference; lastKnownFileType = image.png; path = shanguangdeng.png; sourceTree = "<group>"; };
		FAD8FBEE1AEF79750095205B /* shanguangdeng@2x.png */ = {isa = PBXFileReference; lastKnownFileType = image.png; path = "shanguangdeng@2x.png"; sourceTree = "<group>"; };
		FAD8FBF01AEF79750095205B /* shanguangdeng2.png */ = {isa = PBXFileReference; lastKnownFileType = image.png; path = shanguangdeng2.png; sourceTree = "<group>"; };
		FAD8FBF11AEF79750095205B /* shanguangdeng2@2x.png */ = {isa = PBXFileReference; lastKnownFileType = image.png; path = "shanguangdeng2@2x.png"; sourceTree = "<group>"; };
		FAD8FBF31AEF79750095205B /* xiang.png */ = {isa = PBXFileReference; lastKnownFileType = image.png; path = xiang.png; sourceTree = "<group>"; };
		FAD8FBF41AEF79750095205B /* xiang@2x.png */ = {isa = PBXFileReference; lastKnownFileType = image.png; path = "xiang@2x.png"; sourceTree = "<group>"; };
		FAD8FBF61AEF79750095205B /* ZLAnimationBaseView.h */ = {isa = PBXFileReference; fileEncoding = 4; lastKnownFileType = sourcecode.c.h; path = ZLAnimationBaseView.h; sourceTree = "<group>"; };
		FAD8FBF71AEF79750095205B /* ZLAnimationBaseView.m */ = {isa = PBXFileReference; fileEncoding = 4; lastKnownFileType = sourcecode.c.objc; path = ZLAnimationBaseView.m; sourceTree = "<group>"; };
		FAD8FBF81AEF79750095205B /* ZLAnimationImageView.h */ = {isa = PBXFileReference; fileEncoding = 4; lastKnownFileType = sourcecode.c.h; path = ZLAnimationImageView.h; sourceTree = "<group>"; };
		FAD8FBF91AEF79750095205B /* ZLAnimationImageView.m */ = {isa = PBXFileReference; fileEncoding = 4; lastKnownFileType = sourcecode.c.objc; path = ZLAnimationImageView.m; sourceTree = "<group>"; };
		FAD8FBFA1AEF79750095205B /* ZLAnimationScrollView.h */ = {isa = PBXFileReference; fileEncoding = 4; lastKnownFileType = sourcecode.c.h; path = ZLAnimationScrollView.h; sourceTree = "<group>"; };
		FAD8FBFB1AEF79750095205B /* ZLAnimationScrollView.m */ = {isa = PBXFileReference; fileEncoding = 4; lastKnownFileType = sourcecode.c.objc; path = ZLAnimationScrollView.m; sourceTree = "<group>"; };
		FAD8FC211AEF79C80095205B /* TollyPhotoPickerDatas.h */ = {isa = PBXFileReference; fileEncoding = 4; lastKnownFileType = sourcecode.c.h; path = TollyPhotoPickerDatas.h; sourceTree = "<group>"; };
		FAD8FC221AEF79C80095205B /* TollyPhotoPickerDatas.m */ = {isa = PBXFileReference; fileEncoding = 4; lastKnownFileType = sourcecode.c.objc; path = TollyPhotoPickerDatas.m; sourceTree = "<group>"; };
		FAD8FC241AEF79E30095205B /* TollyPhotoPickerGroup.h */ = {isa = PBXFileReference; fileEncoding = 4; lastKnownFileType = sourcecode.c.h; path = TollyPhotoPickerGroup.h; sourceTree = "<group>"; };
		FAD8FC251AEF79E30095205B /* TollyPhotoPickerGroup.m */ = {isa = PBXFileReference; fileEncoding = 4; lastKnownFileType = sourcecode.c.objc; path = TollyPhotoPickerGroup.m; sourceTree = "<group>"; };
		FAD8FC271AEF7B240095205B /* TollyPhotoPickerAssetsViewController.h */ = {isa = PBXFileReference; fileEncoding = 4; lastKnownFileType = sourcecode.c.h; path = TollyPhotoPickerAssetsViewController.h; sourceTree = "<group>"; };
		FAD8FC281AEF7B240095205B /* TollyPhotoPickerAssetsViewController.m */ = {isa = PBXFileReference; fileEncoding = 4; lastKnownFileType = sourcecode.c.objc; path = TollyPhotoPickerAssetsViewController.m; sourceTree = "<group>"; };
		FAD8FC2A1AEF7B4F0095205B /* TollyPhotoPickerGroupViewController.h */ = {isa = PBXFileReference; fileEncoding = 4; lastKnownFileType = sourcecode.c.h; path = TollyPhotoPickerGroupViewController.h; sourceTree = "<group>"; };
		FAD8FC2B1AEF7B4F0095205B /* TollyPhotoPickerGroupViewController.m */ = {isa = PBXFileReference; fileEncoding = 4; lastKnownFileType = sourcecode.c.objc; path = TollyPhotoPickerGroupViewController.m; sourceTree = "<group>"; };
		FAD8FC2D1AEF7B840095205B /* TollyPhotoPickerViewController.h */ = {isa = PBXFileReference; fileEncoding = 4; lastKnownFileType = sourcecode.c.h; path = TollyPhotoPickerViewController.h; sourceTree = "<group>"; };
		FAD8FC2E1AEF7B840095205B /* TollyPhotoPickerViewController.m */ = {isa = PBXFileReference; fileEncoding = 4; lastKnownFileType = sourcecode.c.objc; path = TollyPhotoPickerViewController.m; sourceTree = "<group>"; };
		FAD8FC301AEF7D5F0095205B /* TollyPhoto.h */ = {isa = PBXFileReference; lastKnownFileType = sourcecode.c.h; path = TollyPhoto.h; sourceTree = "<group>"; };
		FAD8FC311AEF7E830095205B /* TollyPhotoPickerCollectionView.h */ = {isa = PBXFileReference; fileEncoding = 4; lastKnownFileType = sourcecode.c.h; path = TollyPhotoPickerCollectionView.h; sourceTree = "<group>"; };
		FAD8FC321AEF7E830095205B /* TollyPhotoPickerCollectionView.m */ = {isa = PBXFileReference; fileEncoding = 4; lastKnownFileType = sourcecode.c.objc; path = TollyPhotoPickerCollectionView.m; sourceTree = "<group>"; };
		FAD8FC341AEF80210095205B /* TollyPhotoPickerCollectionViewCell.h */ = {isa = PBXFileReference; fileEncoding = 4; lastKnownFileType = sourcecode.c.h; path = TollyPhotoPickerCollectionViewCell.h; sourceTree = "<group>"; };
		FAD8FC351AEF80210095205B /* TollyPhotoPickerCollectionViewCell.m */ = {isa = PBXFileReference; fileEncoding = 4; lastKnownFileType = sourcecode.c.objc; path = TollyPhotoPickerCollectionViewCell.m; sourceTree = "<group>"; };
		FAD8FC371AEF80520095205B /* TollyPhotoPickerFooterCollectionReusableView.h */ = {isa = PBXFileReference; fileEncoding = 4; lastKnownFileType = sourcecode.c.h; path = TollyPhotoPickerFooterCollectionReusableView.h; sourceTree = "<group>"; };
		FAD8FC381AEF80520095205B /* TollyPhotoPickerFooterCollectionReusableView.m */ = {isa = PBXFileReference; fileEncoding = 4; lastKnownFileType = sourcecode.c.objc; path = TollyPhotoPickerFooterCollectionReusableView.m; sourceTree = "<group>"; };
		FAD8FC3A1AEF80F50095205B /* TollyPhotoPickerImageView.h */ = {isa = PBXFileReference; fileEncoding = 4; lastKnownFileType = sourcecode.c.h; path = TollyPhotoPickerImageView.h; sourceTree = "<group>"; };
		FAD8FC3B1AEF80F50095205B /* TollyPhotoPickerImageView.m */ = {isa = PBXFileReference; fileEncoding = 4; lastKnownFileType = sourcecode.c.objc; path = TollyPhotoPickerImageView.m; sourceTree = "<group>"; };
		FAD8FC3D1AEF815D0095205B /* TollyPhotoPickerGroupTableViewCell.h */ = {isa = PBXFileReference; fileEncoding = 4; lastKnownFileType = sourcecode.c.h; path = TollyPhotoPickerGroupTableViewCell.h; sourceTree = "<group>"; };
		FAD8FC3E1AEF815D0095205B /* TollyPhotoPickerGroupTableViewCell.m */ = {isa = PBXFileReference; fileEncoding = 4; lastKnownFileType = sourcecode.c.objc; path = TollyPhotoPickerGroupTableViewCell.m; sourceTree = "<group>"; };
		FAD8FC3F1AEF815D0095205B /* TollyPhotoPickerGroupTableViewCell.xib */ = {isa = PBXFileReference; fileEncoding = 4; lastKnownFileType = file.xib; path = TollyPhotoPickerGroupTableViewCell.xib; sourceTree = "<group>"; };
		FAD8FC421AEF8A4F0095205B /* TollyPhotoPickerBrowserPhotoImageView.h */ = {isa = PBXFileReference; fileEncoding = 4; lastKnownFileType = sourcecode.c.h; path = TollyPhotoPickerBrowserPhotoImageView.h; sourceTree = "<group>"; };
		FAD8FC431AEF8A4F0095205B /* TollyPhotoPickerBrowserPhotoImageView.m */ = {isa = PBXFileReference; fileEncoding = 4; lastKnownFileType = sourcecode.c.objc; path = TollyPhotoPickerBrowserPhotoImageView.m; sourceTree = "<group>"; };
		FAD8FC451AEF8A8A0095205B /* TollyPhotoPickerBrowserPhotoScrollView.h */ = {isa = PBXFileReference; fileEncoding = 4; lastKnownFileType = sourcecode.c.h; path = TollyPhotoPickerBrowserPhotoScrollView.h; sourceTree = "<group>"; };
		FAD8FC461AEF8A8A0095205B /* TollyPhotoPickerBrowserPhotoScrollView.m */ = {isa = PBXFileReference; fileEncoding = 4; lastKnownFileType = sourcecode.c.objc; path = TollyPhotoPickerBrowserPhotoScrollView.m; sourceTree = "<group>"; };
		FAD8FC481AEF8AB70095205B /* TollyPhotoPickerBrowserPhotoView.h */ = {isa = PBXFileReference; fileEncoding = 4; lastKnownFileType = sourcecode.c.h; path = TollyPhotoPickerBrowserPhotoView.h; sourceTree = "<group>"; };
		FAD8FC491AEF8AB70095205B /* TollyPhotoPickerBrowserPhotoView.m */ = {isa = PBXFileReference; fileEncoding = 4; lastKnownFileType = sourcecode.c.objc; path = TollyPhotoPickerBrowserPhotoView.m; sourceTree = "<group>"; };
		FAD8FC4B1AEF91C90095205B /* TollyCameraImageView.h */ = {isa = PBXFileReference; fileEncoding = 4; lastKnownFileType = sourcecode.c.h; path = TollyCameraImageView.h; sourceTree = "<group>"; };
		FAD8FC4C1AEF91C90095205B /* TollyCameraImageView.m */ = {isa = PBXFileReference; fileEncoding = 4; lastKnownFileType = sourcecode.c.objc; path = TollyCameraImageView.m; sourceTree = "<group>"; };
		FAD8FC4E1AEF91EF0095205B /* TollyCameraView.h */ = {isa = PBXFileReference; fileEncoding = 4; lastKnownFileType = sourcecode.c.h; path = TollyCameraView.h; sourceTree = "<group>"; };
		FAD8FC4F1AEF91EF0095205B /* TollyCameraView.m */ = {isa = PBXFileReference; fileEncoding = 4; lastKnownFileType = sourcecode.c.objc; path = TollyCameraView.m; sourceTree = "<group>"; };
		FAD8FC511AEF920B0095205B /* TollyCameraViewController.h */ = {isa = PBXFileReference; fileEncoding = 4; lastKnownFileType = sourcecode.c.h; path = TollyCameraViewController.h; sourceTree = "<group>"; };
		FAD8FC521AEF920B0095205B /* TollyCameraViewController.m */ = {isa = PBXFileReference; fileEncoding = 4; lastKnownFileType = sourcecode.c.objc; path = TollyCameraViewController.m; sourceTree = "<group>"; };
/* End PBXFileReference section */

/* Begin PBXFrameworksBuildPhase section */
		FAD8F8DD1AEF63890095205B /* Frameworks */ = {
			isa = PBXFrameworksBuildPhase;
			buildActionMask = 2147483647;
			files = (
			);
			runOnlyForDeploymentPostprocessing = 0;
		};
		FAD8F8F61AEF63890095205B /* Frameworks */ = {
			isa = PBXFrameworksBuildPhase;
			buildActionMask = 2147483647;
			files = (
			);
			runOnlyForDeploymentPostprocessing = 0;
		};
/* End PBXFrameworksBuildPhase section */

/* Begin PBXGroup section */
		FAD8F8D71AEF63880095205B = {
			isa = PBXGroup;
			children = (
				FAD8FBA61AEF79750095205B /* TollyPhoto */,
				FAD8F8E21AEF63890095205B /* TollyPhotoLib */,
				FAD8F8FC1AEF63890095205B /* TollyPhotoLibTests */,
				FAD8F8E11AEF63890095205B /* Products */,
			);
			sourceTree = "<group>";
		};
		FAD8F8E11AEF63890095205B /* Products */ = {
			isa = PBXGroup;
			children = (
				FAD8F8E01AEF63890095205B /* TollyPhotoLib.app */,
				FAD8F8F91AEF63890095205B /* TollyPhotoLibTests.xctest */,
			);
			name = Products;
			sourceTree = "<group>";
		};
		FAD8F8E21AEF63890095205B /* TollyPhotoLib */ = {
			isa = PBXGroup;
			children = (
				FAD8F8E71AEF63890095205B /* AppDelegate.h */,
				FAD8F8E81AEF63890095205B /* AppDelegate.m */,
				FAD8F8EA1AEF63890095205B /* ViewController.h */,
				FAD8F8EB1AEF63890095205B /* ViewController.m */,
				FAD8F8ED1AEF63890095205B /* Main.storyboard */,
				FAD8F8F01AEF63890095205B /* Images.xcassets */,
				FAD8F8F21AEF63890095205B /* LaunchScreen.xib */,
				FAD8F8E31AEF63890095205B /* Supporting Files */,
			);
			path = TollyPhotoLib;
			sourceTree = "<group>";
		};
		FAD8F8E31AEF63890095205B /* Supporting Files */ = {
			isa = PBXGroup;
			children = (
				FAD8F8E41AEF63890095205B /* Info.plist */,
				FAD8F8E51AEF63890095205B /* main.m */,
			);
			name = "Supporting Files";
			sourceTree = "<group>";
		};
		FAD8F8FC1AEF63890095205B /* TollyPhotoLibTests */ = {
			isa = PBXGroup;
			children = (
				FAD8F8FF1AEF63890095205B /* TollyPhotoLibTests.m */,
				FAD8F8FD1AEF63890095205B /* Supporting Files */,
			);
			path = TollyPhotoLibTests;
			sourceTree = "<group>";
		};
		FAD8F8FD1AEF63890095205B /* Supporting Files */ = {
			isa = PBXGroup;
			children = (
				FAD8F8FE1AEF63890095205B /* Info.plist */,
			);
			name = "Supporting Files";
			sourceTree = "<group>";
		};
		FAD8FBA61AEF79750095205B /* TollyPhoto */ = {
			isa = PBXGroup;
			children = (
				FAD8FC301AEF7D5F0095205B /* TollyPhoto.h */,
				FAD8FBB41AEF79750095205B /* TollyPhotoCommon.h */,
				FAD8FBA71AEF79750095205B /* TollyCamera */,
				FAD8FBAA1AEF79750095205B /* TollyPhotoBrowser */,
				FAD8FBB51AEF79750095205B /* TollyPhotoPicker */,
				FAD8FBBB1AEF79750095205B /* Utils */,
			);
			path = TollyPhoto;
			sourceTree = "<group>";
		};
		FAD8FBA71AEF79750095205B /* TollyCamera */ = {
			isa = PBXGroup;
			children = (
				FAD8FBA81AEF79750095205B /* TollyCamera.h */,
				FAD8FBA91AEF79750095205B /* TollyCamera.m */,
				FAD8FC4B1AEF91C90095205B /* TollyCameraImageView.h */,
				FAD8FC4C1AEF91C90095205B /* TollyCameraImageView.m */,
				FAD8FC4E1AEF91EF0095205B /* TollyCameraView.h */,
				FAD8FC4F1AEF91EF0095205B /* TollyCameraView.m */,
				FAD8FC511AEF920B0095205B /* TollyCameraViewController.h */,
				FAD8FC521AEF920B0095205B /* TollyCameraViewController.m */,
			);
			path = TollyCamera;
			sourceTree = "<group>";
		};
		FAD8FBAA1AEF79750095205B /* TollyPhotoBrowser */ = {
			isa = PBXGroup;
			children = (
				FAD8FBAB1AEF79750095205B /* Models */,
				FAD8FBAE1AEF79750095205B /* ViewControllers */,
				FAD8FBB11AEF79750095205B /* Views */,
			);
			path = TollyPhotoBrowser;
			sourceTree = "<group>";
		};
		FAD8FBAB1AEF79750095205B /* Models */ = {
			isa = PBXGroup;
			children = (
				FAD8FBAC1AEF79750095205B /* TollyBrowserPhoto.h */,
				FAD8FBAD1AEF79750095205B /* TollyBrowserPhoto.m */,
			);
			path = Models;
			sourceTree = "<group>";
		};
		FAD8FBAE1AEF79750095205B /* ViewControllers */ = {
			isa = PBXGroup;
			children = (
				FAD8FBAF1AEF79750095205B /* TollyPhotoPickerBrowserViewController.h */,
				FAD8FBB01AEF79750095205B /* TollyPhotoPickerBrowserViewController.m */,
			);
			path = ViewControllers;
			sourceTree = "<group>";
		};
		FAD8FBB11AEF79750095205B /* Views */ = {
			isa = PBXGroup;
			children = (
				FAD8FC421AEF8A4F0095205B /* TollyPhotoPickerBrowserPhotoImageView.h */,
				FAD8FC431AEF8A4F0095205B /* TollyPhotoPickerBrowserPhotoImageView.m */,
				FAD8FC451AEF8A8A0095205B /* TollyPhotoPickerBrowserPhotoScrollView.h */,
				FAD8FC461AEF8A8A0095205B /* TollyPhotoPickerBrowserPhotoScrollView.m */,
				FAD8FC481AEF8AB70095205B /* TollyPhotoPickerBrowserPhotoView.h */,
				FAD8FC491AEF8AB70095205B /* TollyPhotoPickerBrowserPhotoView.m */,
				FAD8FBB21AEF79750095205B /* TollyPhotoPickerCustomToolBarView.h */,
				FAD8FBB31AEF79750095205B /* TollyPhotoPickerCustomToolBarView.m */,
			);
			path = Views;
			sourceTree = "<group>";
		};
		FAD8FBB51AEF79750095205B /* TollyPhotoPicker */ = {
			isa = PBXGroup;
			children = (
				FAD8FBB61AEF79750095205B /* Models */,
				FAD8FBB91AEF79750095205B /* ViewControllers */,
				FAD8FBBA1AEF79750095205B /* Views */,
			);
			path = TollyPhotoPicker;
			sourceTree = "<group>";
		};
		FAD8FBB61AEF79750095205B /* Models */ = {
			isa = PBXGroup;
			children = (
				FAD8FBB71AEF79750095205B /* TollyPhotoAssets.h */,
				FAD8FBB81AEF79750095205B /* TollyPhotoAssets.m */,
				FAD8FC211AEF79C80095205B /* TollyPhotoPickerDatas.h */,
				FAD8FC221AEF79C80095205B /* TollyPhotoPickerDatas.m */,
				FAD8FC241AEF79E30095205B /* TollyPhotoPickerGroup.h */,
				FAD8FC251AEF79E30095205B /* TollyPhotoPickerGroup.m */,
			);
			path = Models;
			sourceTree = "<group>";
		};
		FAD8FBB91AEF79750095205B /* ViewControllers */ = {
			isa = PBXGroup;
			children = (
				FAD8FC271AEF7B240095205B /* TollyPhotoPickerAssetsViewController.h */,
				FAD8FC281AEF7B240095205B /* TollyPhotoPickerAssetsViewController.m */,
				FAD8FC2A1AEF7B4F0095205B /* TollyPhotoPickerGroupViewController.h */,
				FAD8FC2B1AEF7B4F0095205B /* TollyPhotoPickerGroupViewController.m */,
				FAD8FC2D1AEF7B840095205B /* TollyPhotoPickerViewController.h */,
				FAD8FC2E1AEF7B840095205B /* TollyPhotoPickerViewController.m */,
			);
			path = ViewControllers;
			sourceTree = "<group>";
		};
		FAD8FBBA1AEF79750095205B /* Views */ = {
			isa = PBXGroup;
			children = (
				FAD8FC311AEF7E830095205B /* TollyPhotoPickerCollectionView.h */,
				FAD8FC321AEF7E830095205B /* TollyPhotoPickerCollectionView.m */,
				FAD8FC341AEF80210095205B /* TollyPhotoPickerCollectionViewCell.h */,
				FAD8FC351AEF80210095205B /* TollyPhotoPickerCollectionViewCell.m */,
				FAD8FC371AEF80520095205B /* TollyPhotoPickerFooterCollectionReusableView.h */,
				FAD8FC381AEF80520095205B /* TollyPhotoPickerFooterCollectionReusableView.m */,
				FAD8FC3D1AEF815D0095205B /* TollyPhotoPickerGroupTableViewCell.h */,
				FAD8FC3E1AEF815D0095205B /* TollyPhotoPickerGroupTableViewCell.m */,
				FAD8FC3F1AEF815D0095205B /* TollyPhotoPickerGroupTableViewCell.xib */,
				FAD8FC3A1AEF80F50095205B /* TollyPhotoPickerImageView.h */,
				FAD8FC3B1AEF80F50095205B /* TollyPhotoPickerImageView.m */,
			);
			path = Views;
			sourceTree = "<group>";
		};
		FAD8FBBB1AEF79750095205B /* Utils */ = {
			isa = PBXGroup;
			children = (
				FAD8FBBC1AEF79750095205B /* Category */,
				FAD8FBBF1AEF79750095205B /* Lib */,
				FAD8FBE41AEF79750095205B /* Resource */,
				FAD8FBF51AEF79750095205B /* Views */,
			);
			path = Utils;
			sourceTree = "<group>";
		};
		FAD8FBBC1AEF79750095205B /* Category */ = {
			isa = PBXGroup;
			children = (
				FAD8FBBD1AEF79750095205B /* UIView+Extension.h */,
				FAD8FBBE1AEF79750095205B /* UIView+Extension.m */,
			);
			path = Category;
			sourceTree = "<group>";
		};
		FAD8FBBF1AEF79750095205B /* Lib */ = {
			isa = PBXGroup;
			children = (
				FAD8FBC01AEF79750095205B /* DACircularProgressView.h */,
				FAD8FBC11AEF79750095205B /* DACircularProgressView.m */,
				FAD8FBC21AEF79750095205B /* SDWebImage */,
			);
			path = Lib;
			sourceTree = "<group>";
		};
		FAD8FBC21AEF79750095205B /* SDWebImage */ = {
			isa = PBXGroup;
			children = (
				FAD8FBC31AEF79750095205B /* MKAnnotationView+WebCache.h */,
				FAD8FBC41AEF79750095205B /* MKAnnotationView+WebCache.m */,
				FAD8FBC51AEF79750095205B /* NSData+ImageContentType.h */,
				FAD8FBC61AEF79750095205B /* NSData+ImageContentType.m */,
				FAD8FBC71AEF79750095205B /* SDImageCache.h */,
				FAD8FBC81AEF79750095205B /* SDImageCache.m */,
				FAD8FBC91AEF79750095205B /* SDWebImageCompat.h */,
				FAD8FBCA1AEF79750095205B /* SDWebImageCompat.m */,
				FAD8FBCB1AEF79750095205B /* SDWebImageDecoder.h */,
				FAD8FBCC1AEF79750095205B /* SDWebImageDecoder.m */,
				FAD8FBCD1AEF79750095205B /* SDWebImageDownloader.h */,
				FAD8FBCE1AEF79750095205B /* SDWebImageDownloader.m */,
				FAD8FBCF1AEF79750095205B /* SDWebImageDownloaderOperation.h */,
				FAD8FBD01AEF79750095205B /* SDWebImageDownloaderOperation.m */,
				FAD8FBD11AEF79750095205B /* SDWebImageManager.h */,
				FAD8FBD21AEF79750095205B /* SDWebImageManager.m */,
				FAD8FBD31AEF79750095205B /* SDWebImageOperation.h */,
				FAD8FBD41AEF79750095205B /* SDWebImagePrefetcher.h */,
				FAD8FBD51AEF79750095205B /* SDWebImagePrefetcher.m */,
				FAD8FBD61AEF79750095205B /* UIButton+WebCache.h */,
				FAD8FBD71AEF79750095205B /* UIButton+WebCache.m */,
				FAD8FBD81AEF79750095205B /* UIImage+GIF.h */,
				FAD8FBD91AEF79750095205B /* UIImage+GIF.m */,
				FAD8FBDA1AEF79750095205B /* UIImage+MultiFormat.h */,
				FAD8FBDB1AEF79750095205B /* UIImage+MultiFormat.m */,
				FAD8FBDC1AEF79750095205B /* UIImage+WebP.h */,
				FAD8FBDD1AEF79750095205B /* UIImage+WebP.m */,
				FAD8FBDE1AEF79750095205B /* UIImageView+HighlightedWebCache.h */,
				FAD8FBDF1AEF79750095205B /* UIImageView+HighlightedWebCache.m */,
				FAD8FBE01AEF79750095205B /* UIImageView+WebCache.h */,
				FAD8FBE11AEF79750095205B /* UIImageView+WebCache.m */,
				FAD8FBE21AEF79750095205B /* UIView+WebCacheOperation.h */,
				FAD8FBE31AEF79750095205B /* UIView+WebCacheOperation.m */,
			);
			path = SDWebImage;
			sourceTree = "<group>";
		};
		FAD8FBE41AEF79750095205B /* Resource */ = {
			isa = PBXGroup;
			children = (
				FAD8FBE51AEF79750095205B /* AssetsPickerChecked.imageset */,
				FAD8FBE91AEF79750095205B /* paizhao.imageset */,
				FAD8FBEC1AEF79750095205B /* shanguangdeng.imageset */,
				FAD8FBEF1AEF79750095205B /* shanguangdeng2.imageset */,
				FAD8FBF21AEF79750095205B /* xiang.imageset */,
			);
			path = Resource;
			sourceTree = "<group>";
		};
		FAD8FBE51AEF79750095205B /* AssetsPickerChecked.imageset */ = {
			isa = PBXGroup;
			children = (
				FAD8FBE61AEF79750095205B /* AssetsPickerChecked.png */,
				FAD8FBE71AEF79750095205B /* AssetsPickerChecked@2x.png */,
				FAD8FBE81AEF79750095205B /* AssetsPickerChecked@3x.png */,
			);
			path = AssetsPickerChecked.imageset;
			sourceTree = "<group>";
		};
		FAD8FBE91AEF79750095205B /* paizhao.imageset */ = {
			isa = PBXGroup;
			children = (
				FAD8FBEA1AEF79750095205B /* paizhao.png */,
				FAD8FBEB1AEF79750095205B /* paizhao@2x.png */,
			);
			path = paizhao.imageset;
			sourceTree = "<group>";
		};
		FAD8FBEC1AEF79750095205B /* shanguangdeng.imageset */ = {
			isa = PBXGroup;
			children = (
				FAD8FBED1AEF79750095205B /* shanguangdeng.png */,
				FAD8FBEE1AEF79750095205B /* shanguangdeng@2x.png */,
			);
			path = shanguangdeng.imageset;
			sourceTree = "<group>";
		};
		FAD8FBEF1AEF79750095205B /* shanguangdeng2.imageset */ = {
			isa = PBXGroup;
			children = (
				FAD8FBF01AEF79750095205B /* shanguangdeng2.png */,
				FAD8FBF11AEF79750095205B /* shanguangdeng2@2x.png */,
			);
			path = shanguangdeng2.imageset;
			sourceTree = "<group>";
		};
		FAD8FBF21AEF79750095205B /* xiang.imageset */ = {
			isa = PBXGroup;
			children = (
				FAD8FBF31AEF79750095205B /* xiang.png */,
				FAD8FBF41AEF79750095205B /* xiang@2x.png */,
			);
			path = xiang.imageset;
			sourceTree = "<group>";
		};
		FAD8FBF51AEF79750095205B /* Views */ = {
			isa = PBXGroup;
			children = (
				FAD8FBF61AEF79750095205B /* ZLAnimationBaseView.h */,
				FAD8FBF71AEF79750095205B /* ZLAnimationBaseView.m */,
				FAD8FBF81AEF79750095205B /* ZLAnimationImageView.h */,
				FAD8FBF91AEF79750095205B /* ZLAnimationImageView.m */,
				FAD8FBFA1AEF79750095205B /* ZLAnimationScrollView.h */,
				FAD8FBFB1AEF79750095205B /* ZLAnimationScrollView.m */,
			);
			path = Views;
			sourceTree = "<group>";
		};
/* End PBXGroup section */

/* Begin PBXNativeTarget section */
		FAD8F8DF1AEF63890095205B /* TollyPhotoLib */ = {
			isa = PBXNativeTarget;
			buildConfigurationList = FAD8F9031AEF63890095205B /* Build configuration list for PBXNativeTarget "TollyPhotoLib" */;
			buildPhases = (
				FAD8F8DC1AEF63890095205B /* Sources */,
				FAD8F8DD1AEF63890095205B /* Frameworks */,
				FAD8F8DE1AEF63890095205B /* Resources */,
			);
			buildRules = (
			);
			dependencies = (
			);
			name = TollyPhotoLib;
			productName = TollyPhotoLib;
			productReference = FAD8F8E01AEF63890095205B /* TollyPhotoLib.app */;
			productType = "com.apple.product-type.application";
		};
		FAD8F8F81AEF63890095205B /* TollyPhotoLibTests */ = {
			isa = PBXNativeTarget;
			buildConfigurationList = FAD8F9061AEF63890095205B /* Build configuration list for PBXNativeTarget "TollyPhotoLibTests" */;
			buildPhases = (
				FAD8F8F51AEF63890095205B /* Sources */,
				FAD8F8F61AEF63890095205B /* Frameworks */,
				FAD8F8F71AEF63890095205B /* Resources */,
			);
			buildRules = (
			);
			dependencies = (
				FAD8F8FB1AEF63890095205B /* PBXTargetDependency */,
			);
			name = TollyPhotoLibTests;
			productName = TollyPhotoLibTests;
			productReference = FAD8F8F91AEF63890095205B /* TollyPhotoLibTests.xctest */;
			productType = "com.apple.product-type.bundle.unit-test";
		};
/* End PBXNativeTarget section */

/* Begin PBXProject section */
		FAD8F8D81AEF63890095205B /* Project object */ = {
			isa = PBXProject;
			attributes = {
				LastUpgradeCheck = 0630;
				ORGANIZATIONNAME = tolly;
				TargetAttributes = {
					FAD8F8DF1AEF63890095205B = {
						CreatedOnToolsVersion = 6.3;
					};
					FAD8F8F81AEF63890095205B = {
						CreatedOnToolsVersion = 6.3;
						TestTargetID = FAD8F8DF1AEF63890095205B;
					};
				};
			};
			buildConfigurationList = FAD8F8DB1AEF63890095205B /* Build configuration list for PBXProject "TollyPhotoLib" */;
			compatibilityVersion = "Xcode 3.2";
			developmentRegion = English;
			hasScannedForEncodings = 0;
			knownRegions = (
				en,
				Base,
			);
			mainGroup = FAD8F8D71AEF63880095205B;
			productRefGroup = FAD8F8E11AEF63890095205B /* Products */;
			projectDirPath = "";
			projectRoot = "";
			targets = (
				FAD8F8DF1AEF63890095205B /* TollyPhotoLib */,
				FAD8F8F81AEF63890095205B /* TollyPhotoLibTests */,
			);
		};
/* End PBXProject section */

/* Begin PBXResourcesBuildPhase section */
		FAD8F8DE1AEF63890095205B /* Resources */ = {
			isa = PBXResourcesBuildPhase;
			buildActionMask = 2147483647;
			files = (
				FAD8FC161AEF79750095205B /* paizhao.png in Resources */,
				FAD8FC1A1AEF79750095205B /* shanguangdeng2.png in Resources */,
				FAD8FC1B1AEF79750095205B /* shanguangdeng2@2x.png in Resources */,
				FAD8FC1C1AEF79750095205B /* xiang.png in Resources */,
				FAD8F8EF1AEF63890095205B /* Main.storyboard in Resources */,
				FAD8F8F41AEF63890095205B /* LaunchScreen.xib in Resources */,
				FAD8FC1D1AEF79750095205B /* xiang@2x.png in Resources */,
				FAD8FC141AEF79750095205B /* AssetsPickerChecked@2x.png in Resources */,
				FAD8FC131AEF79750095205B /* AssetsPickerChecked.png in Resources */,
				FAD8FC191AEF79750095205B /* shanguangdeng@2x.png in Resources */,
				FAD8FC181AEF79750095205B /* shanguangdeng.png in Resources */,
				FAD8FC411AEF815D0095205B /* TollyPhotoPickerGroupTableViewCell.xib in Resources */,
				FAD8FC151AEF79750095205B /* AssetsPickerChecked@3x.png in Resources */,
				FAD8F8F11AEF63890095205B /* Images.xcassets in Resources */,
				FAD8FC171AEF79750095205B /* paizhao@2x.png in Resources */,
			);
			runOnlyForDeploymentPostprocessing = 0;
		};
		FAD8F8F71AEF63890095205B /* Resources */ = {
			isa = PBXResourcesBuildPhase;
			buildActionMask = 2147483647;
			files = (
			);
			runOnlyForDeploymentPostprocessing = 0;
		};
/* End PBXResourcesBuildPhase section */

/* Begin PBXSourcesBuildPhase section */
		FAD8F8DC1AEF63890095205B /* Sources */ = {
			isa = PBXSourcesBuildPhase;
			buildActionMask = 2147483647;
			files = (
				FAD8FC011AEF79750095205B /* UIView+Extension.m in Sources */,
				FAD8FC031AEF79750095205B /* MKAnnotationView+WebCache.m in Sources */,
				FAD8FC441AEF8A4F0095205B /* TollyPhotoPickerBrowserPhotoImageView.m in Sources */,
				FAD8FC2C1AEF7B4F0095205B /* TollyPhotoPickerGroupViewController.m in Sources */,
				FAD8FC4D1AEF91C90095205B /* TollyCameraImageView.m in Sources */,
				FAD8F8EC1AEF63890095205B /* ViewController.m in Sources */,
				FAD8FC231AEF79C80095205B /* TollyPhotoPickerDatas.m in Sources */,
				FAD8FC0B1AEF79750095205B /* SDWebImagePrefetcher.m in Sources */,
				FAD8FC0A1AEF79750095205B /* SDWebImageManager.m in Sources */,
				FAD8FC1E1AEF79750095205B /* ZLAnimationBaseView.m in Sources */,
				FAD8FBFC1AEF79750095205B /* TollyCamera.m in Sources */,
				FAD8FC4A1AEF8AB70095205B /* TollyPhotoPickerBrowserPhotoView.m in Sources */,
				FAD8F8E91AEF63890095205B /* AppDelegate.m in Sources */,
				FAD8FC111AEF79750095205B /* UIImageView+WebCache.m in Sources */,
				FAD8FC061AEF79750095205B /* SDWebImageCompat.m in Sources */,
				FAD8FC2F1AEF7B840095205B /* TollyPhotoPickerViewController.m in Sources */,
				FAD8FC531AEF920B0095205B /* TollyCameraViewController.m in Sources */,
				FAD8FBFE1AEF79750095205B /* TollyPhotoPickerBrowserViewController.m in Sources */,
				FAD8FC401AEF815D0095205B /* TollyPhotoPickerGroupTableViewCell.m in Sources */,
				FAD8FC471AEF8A8A0095205B /* TollyPhotoPickerBrowserPhotoScrollView.m in Sources */,
				FAD8FC071AEF79750095205B /* SDWebImageDecoder.m in Sources */,
				FAD8FC501AEF91EF0095205B /* TollyCameraView.m in Sources */,
				FAD8FC0E1AEF79750095205B /* UIImage+MultiFormat.m in Sources */,
				FAD8FC1F1AEF79750095205B /* ZLAnimationImageView.m in Sources */,
				FAD8FC291AEF7B240095205B /* TollyPhotoPickerAssetsViewController.m in Sources */,
				FAD8FC0F1AEF79750095205B /* UIImage+WebP.m in Sources */,
				FAD8FC091AEF79750095205B /* SDWebImageDownloaderOperation.m in Sources */,
				FAD8FC261AEF79E30095205B /* TollyPhotoPickerGroup.m in Sources */,
				FAD8FC121AEF79750095205B /* UIView+WebCacheOperation.m in Sources */,
				FAD8FC081AEF79750095205B /* SDWebImageDownloader.m in Sources */,
				FAD8FC0D1AEF79750095205B /* UIImage+GIF.m in Sources */,
				FAD8FC021AEF79750095205B /* DACircularProgressView.m in Sources */,
				FAD8F8E61AEF63890095205B /* main.m in Sources */,
				FAD8FC3C1AEF80F50095205B /* TollyPhotoPickerImageView.m in Sources */,
				FAD8FBFD1AEF79750095205B /* TollyBrowserPhoto.m in Sources */,
				FAD8FC101AEF79750095205B /* UIImageView+HighlightedWebCache.m in Sources */,
				FAD8FC331AEF7E830095205B /* TollyPhotoPickerCollectionView.m in Sources */,
				FAD8FC001AEF79750095205B /* TollyPhotoAssets.m in Sources */,
				FAD8FC051AEF79750095205B /* SDImageCache.m in Sources */,
				FAD8FC391AEF80520095205B /* TollyPhotoPickerFooterCollectionReusableView.m in Sources */,
				FAD8FC0C1AEF79750095205B /* UIButton+WebCache.m in Sources */,
				FAD8FC201AEF79750095205B /* ZLAnimationScrollView.m in Sources */,
				FAD8FC041AEF79750095205B /* NSData+ImageContentType.m in Sources */,
				FAD8FC361AEF80210095205B /* TollyPhotoPickerCollectionViewCell.m in Sources */,
				FAD8FBFF1AEF79750095205B /* TollyPhotoPickerCustomToolBarView.m in Sources */,
			);
			runOnlyForDeploymentPostprocessing = 0;
		};
		FAD8F8F51AEF63890095205B /* Sources */ = {
			isa = PBXSourcesBuildPhase;
			buildActionMask = 2147483647;
			files = (
				FAD8F9001AEF63890095205B /* TollyPhotoLibTests.m in Sources */,
			);
			runOnlyForDeploymentPostprocessing = 0;
		};
/* End PBXSourcesBuildPhase section */

/* Begin PBXTargetDependency section */
		FAD8F8FB1AEF63890095205B /* PBXTargetDependency */ = {
			isa = PBXTargetDependency;
			target = FAD8F8DF1AEF63890095205B /* TollyPhotoLib */;
			targetProxy = FAD8F8FA1AEF63890095205B /* PBXContainerItemProxy */;
		};
/* End PBXTargetDependency section */

/* Begin PBXVariantGroup section */
		FAD8F8ED1AEF63890095205B /* Main.storyboard */ = {
			isa = PBXVariantGroup;
			children = (
				FAD8F8EE1AEF63890095205B /* Base */,
			);
			name = Main.storyboard;
			sourceTree = "<group>";
		};
		FAD8F8F21AEF63890095205B /* LaunchScreen.xib */ = {
			isa = PBXVariantGroup;
			children = (
				FAD8F8F31AEF63890095205B /* Base */,
			);
			name = LaunchScreen.xib;
			sourceTree = "<group>";
		};
/* End PBXVariantGroup section */

/* Begin XCBuildConfiguration section */
		FAD8F9011AEF63890095205B /* Debug */ = {
			isa = XCBuildConfiguration;
			buildSettings = {
				ALWAYS_SEARCH_USER_PATHS = NO;
				CLANG_CXX_LANGUAGE_STANDARD = "gnu++0x";
				CLANG_CXX_LIBRARY = "libc++";
				CLANG_ENABLE_MODULES = YES;
				CLANG_ENABLE_OBJC_ARC = YES;
				CLANG_WARN_BOOL_CONVERSION = YES;
				CLANG_WARN_CONSTANT_CONVERSION = YES;
				CLANG_WARN_DIRECT_OBJC_ISA_USAGE = YES_ERROR;
				CLANG_WARN_EMPTY_BODY = YES;
				CLANG_WARN_ENUM_CONVERSION = YES;
				CLANG_WARN_INT_CONVERSION = YES;
				CLANG_WARN_OBJC_ROOT_CLASS = YES_ERROR;
				CLANG_WARN_UNREACHABLE_CODE = YES;
				CLANG_WARN__DUPLICATE_METHOD_MATCH = YES;
				"CODE_SIGN_IDENTITY[sdk=iphoneos*]" = "iPhone Developer";
				COPY_PHASE_STRIP = NO;
				DEBUG_INFORMATION_FORMAT = "dwarf-with-dsym";
				ENABLE_STRICT_OBJC_MSGSEND = YES;
				GCC_C_LANGUAGE_STANDARD = gnu99;
				GCC_DYNAMIC_NO_PIC = NO;
				GCC_NO_COMMON_BLOCKS = YES;
				GCC_OPTIMIZATION_LEVEL = 0;
				GCC_PREPROCESSOR_DEFINITIONS = (
					"DEBUG=1",
					"$(inherited)",
				);
				GCC_SYMBOLS_PRIVATE_EXTERN = NO;
				GCC_WARN_64_TO_32_BIT_CONVERSION = YES;
				GCC_WARN_ABOUT_RETURN_TYPE = YES_ERROR;
				GCC_WARN_UNDECLARED_SELECTOR = YES;
				GCC_WARN_UNINITIALIZED_AUTOS = YES_AGGRESSIVE;
				GCC_WARN_UNUSED_FUNCTION = YES;
				GCC_WARN_UNUSED_VARIABLE = YES;
				IPHONEOS_DEPLOYMENT_TARGET = 8.3;
				MTL_ENABLE_DEBUG_INFO = YES;
				ONLY_ACTIVE_ARCH = YES;
				SDKROOT = iphoneos;
			};
			name = Debug;
		};
		FAD8F9021AEF63890095205B /* Release */ = {
			isa = XCBuildConfiguration;
			buildSettings = {
				ALWAYS_SEARCH_USER_PATHS = NO;
				CLANG_CXX_LANGUAGE_STANDARD = "gnu++0x";
				CLANG_CXX_LIBRARY = "libc++";
				CLANG_ENABLE_MODULES = YES;
				CLANG_ENABLE_OBJC_ARC = YES;
				CLANG_WARN_BOOL_CONVERSION = YES;
				CLANG_WARN_CONSTANT_CONVERSION = YES;
				CLANG_WARN_DIRECT_OBJC_ISA_USAGE = YES_ERROR;
				CLANG_WARN_EMPTY_BODY = YES;
				CLANG_WARN_ENUM_CONVERSION = YES;
				CLANG_WARN_INT_CONVERSION = YES;
				CLANG_WARN_OBJC_ROOT_CLASS = YES_ERROR;
				CLANG_WARN_UNREACHABLE_CODE = YES;
				CLANG_WARN__DUPLICATE_METHOD_MATCH = YES;
				"CODE_SIGN_IDENTITY[sdk=iphoneos*]" = "iPhone Developer";
				COPY_PHASE_STRIP = NO;
				DEBUG_INFORMATION_FORMAT = "dwarf-with-dsym";
				ENABLE_NS_ASSERTIONS = NO;
				ENABLE_STRICT_OBJC_MSGSEND = YES;
				GCC_C_LANGUAGE_STANDARD = gnu99;
				GCC_NO_COMMON_BLOCKS = YES;
				GCC_WARN_64_TO_32_BIT_CONVERSION = YES;
				GCC_WARN_ABOUT_RETURN_TYPE = YES_ERROR;
				GCC_WARN_UNDECLARED_SELECTOR = YES;
				GCC_WARN_UNINITIALIZED_AUTOS = YES_AGGRESSIVE;
				GCC_WARN_UNUSED_FUNCTION = YES;
				GCC_WARN_UNUSED_VARIABLE = YES;
				IPHONEOS_DEPLOYMENT_TARGET = 8.3;
				MTL_ENABLE_DEBUG_INFO = NO;
				SDKROOT = iphoneos;
				VALIDATE_PRODUCT = YES;
			};
			name = Release;
		};
		FAD8F9041AEF63890095205B /* Debug */ = {
			isa = XCBuildConfiguration;
			buildSettings = {
				ASSETCATALOG_COMPILER_APPICON_NAME = AppIcon;
				INFOPLIST_FILE = TollyPhotoLib/Info.plist;
				LD_RUNPATH_SEARCH_PATHS = "$(inherited) @executable_path/Frameworks";
				PRODUCT_NAME = "$(TARGET_NAME)";
			};
			name = Debug;
		};
		FAD8F9051AEF63890095205B /* Release */ = {
			isa = XCBuildConfiguration;
			buildSettings = {
				ASSETCATALOG_COMPILER_APPICON_NAME = AppIcon;
				INFOPLIST_FILE = TollyPhotoLib/Info.plist;
				LD_RUNPATH_SEARCH_PATHS = "$(inherited) @executable_path/Frameworks";
				PRODUCT_NAME = "$(TARGET_NAME)";
			};
			name = Release;
		};
		FAD8F9071AEF63890095205B /* Debug */ = {
			isa = XCBuildConfiguration;
			buildSettings = {
				BUNDLE_LOADER = "$(TEST_HOST)";
				FRAMEWORK_SEARCH_PATHS = (
					"$(SDKROOT)/Developer/Library/Frameworks",
					"$(inherited)",
				);
				GCC_PREPROCESSOR_DEFINITIONS = (
					"DEBUG=1",
					"$(inherited)",
				);
				INFOPLIST_FILE = TollyPhotoLibTests/Info.plist;
				LD_RUNPATH_SEARCH_PATHS = "$(inherited) @executable_path/Frameworks @loader_path/Frameworks";
				PRODUCT_NAME = "$(TARGET_NAME)";
				TEST_HOST = "$(BUILT_PRODUCTS_DIR)/TollyPhotoLib.app/TollyPhotoLib";
			};
			name = Debug;
		};
		FAD8F9081AEF63890095205B /* Release */ = {
			isa = XCBuildConfiguration;
			buildSettings = {
				BUNDLE_LOADER = "$(TEST_HOST)";
				FRAMEWORK_SEARCH_PATHS = (
					"$(SDKROOT)/Developer/Library/Frameworks",
					"$(inherited)",
				);
				INFOPLIST_FILE = TollyPhotoLibTests/Info.plist;
				LD_RUNPATH_SEARCH_PATHS = "$(inherited) @executable_path/Frameworks @loader_path/Frameworks";
				PRODUCT_NAME = "$(TARGET_NAME)";
				TEST_HOST = "$(BUILT_PRODUCTS_DIR)/TollyPhotoLib.app/TollyPhotoLib";
			};
			name = Release;
		};
/* End XCBuildConfiguration section */

/* Begin XCConfigurationList section */
		FAD8F8DB1AEF63890095205B /* Build configuration list for PBXProject "TollyPhotoLib" */ = {
			isa = XCConfigurationList;
			buildConfigurations = (
				FAD8F9011AEF63890095205B /* Debug */,
				FAD8F9021AEF63890095205B /* Release */,
			);
			defaultConfigurationIsVisible = 0;
			defaultConfigurationName = Release;
		};
		FAD8F9031AEF63890095205B /* Build configuration list for PBXNativeTarget "TollyPhotoLib" */ = {
			isa = XCConfigurationList;
			buildConfigurations = (
				FAD8F9041AEF63890095205B /* Debug */,
				FAD8F9051AEF63890095205B /* Release */,
			);
			defaultConfigurationIsVisible = 0;
			defaultConfigurationName = Release;
		};
		FAD8F9061AEF63890095205B /* Build configuration list for PBXNativeTarget "TollyPhotoLibTests" */ = {
			isa = XCConfigurationList;
			buildConfigurations = (
				FAD8F9071AEF63890095205B /* Debug */,
				FAD8F9081AEF63890095205B /* Release */,
			);
			defaultConfigurationIsVisible = 0;
			defaultConfigurationName = Release;
		};
/* End XCConfigurationList section */
	};
	rootObject = FAD8F8D81AEF63890095205B /* Project object */;
}
